{
  "name": "eval-js-latex-parsers",
  "version": "1.0.0",
  "lockfileVersion": 3,
  "requires": true,
  "packages": {
    "": {
      "name": "eval-js-latex-parsers",
      "version": "1.0.0",
      "license": "ISC",
      "dependencies": {
        "@unified-latex/unified-latex-util-parse": "^1.6.0",
        "commander": "^12.0.0",
        "latex-utensils": "^6.2.0"
      },
      "bin": {
        "tex2ast": "tex2ast.js"
      }
    },
    "node_modules/@types/unist": {
      "version": "2.0.10",
      "resolved": "https://registry.npmjs.org/@types/unist/-/unist-2.0.10.tgz",
      "integrity": "sha512-IfYcSBWE3hLpBg8+X2SEa8LVkJdJEkT2Ese2aaLs3ptGdVtABxndrMaxuFlQ1qdFf9Q5rDvDpxI3WwgvKFAsQA=="
    },
    "node_modules/@unified-latex/unified-latex-builder": {
      "version": "1.6.0",
      "resolved": "https://registry.npmjs.org/@unified-latex/unified-latex-builder/-/unified-latex-builder-1.6.0.tgz",
      "integrity": "sha512-+1Tdo6uEDPjsdRXh9Ukl2FcZtohCq4lpOsA1QtstHP5wrPgXyMDDofuaV1nVSRnMZ5NJT6fCyO1k4SL9mcgdNw==",
      "dependencies": {
        "@unified-latex/unified-latex-types": "^1.6.0"
      }
    },
    "node_modules/@unified-latex/unified-latex-ctan": {
      "version": "1.6.0",
      "resolved": "https://registry.npmjs.org/@unified-latex/unified-latex-ctan/-/unified-latex-ctan-1.6.0.tgz",
      "integrity": "sha512-U0JuuXJlBD+u0iyM5+Gvm+i/wkvr4k/Siua++gPsrnsroC89/UkLi6ZhSU2knFaHxYi3YRTDinmitO+POVPP7Q==",
      "dependencies": {
        "@unified-latex/unified-latex-builder": "^1.6.0",
        "@unified-latex/unified-latex-types": "^1.6.0",
        "@unified-latex/unified-latex-util-argspec": "^1.6.0",
        "@unified-latex/unified-latex-util-arguments": "^1.6.0",
        "@unified-latex/unified-latex-util-comments": "^1.6.0",
        "@unified-latex/unified-latex-util-match": "^1.6.0",
        "@unified-latex/unified-latex-util-pegjs": "^1.6.0",
        "@unified-latex/unified-latex-util-print-raw": "^1.6.0",
        "@unified-latex/unified-latex-util-render-info": "^1.6.0",
        "@unified-latex/unified-latex-util-replace": "^1.6.0",
        "@unified-latex/unified-latex-util-scan": "^1.6.0",
        "@unified-latex/unified-latex-util-split": "^1.6.0",
        "@unified-latex/unified-latex-util-trim": "^1.6.0",
        "@unified-latex/unified-latex-util-visit": "^1.6.0",
        "color": "^4.2.3"
      }
    },
    "node_modules/@unified-latex/unified-latex-types": {
      "version": "1.6.0",
      "resolved": "https://registry.npmjs.org/@unified-latex/unified-latex-types/-/unified-latex-types-1.6.0.tgz",
      "integrity": "sha512-PE8aBFToFk2NwbkfVbUELyaJDp+Z8CLi2iQat5V1XPH69sR/c3rhd0XifBmFzGboTtyxkK2AVTKAYG95/i1Iqg=="
    },
    "node_modules/@unified-latex/unified-latex-util-argspec": {
      "version": "1.6.0",
      "resolved": "https://registry.npmjs.org/@unified-latex/unified-latex-util-argspec/-/unified-latex-util-argspec-1.6.0.tgz",
      "integrity": "sha512-6TSAtGJOcJSgphcoZRD4vU3W3P+T/dio9w9fRheJfAJCliTXp5Vz7zf0XVR+bZ4IADhkcHghAwP2hECr3LuCxg==",
      "dependencies": {
        "@unified-latex/unified-latex-util-pegjs": "^1.6.0"
      }
    },
    "node_modules/@unified-latex/unified-latex-util-arguments": {
      "version": "1.6.0",
      "resolved": "https://registry.npmjs.org/@unified-latex/unified-latex-util-arguments/-/unified-latex-util-arguments-1.6.0.tgz",
      "integrity": "sha512-aGjh3NcEgamPv3wwmcdcJgsix6pPQl82tppDsgbnG3BI2bkUL505draxNz6N6Jp92sRGMxm6MNnT+qKTja7XBg==",
      "dependencies": {
        "@unified-latex/unified-latex-builder": "^1.6.0",
        "@unified-latex/unified-latex-types": "^1.6.0",
        "@unified-latex/unified-latex-util-argspec": "^1.6.0",
        "@unified-latex/unified-latex-util-match": "^1.6.0",
        "@unified-latex/unified-latex-util-render-info": "^1.6.0",
        "@unified-latex/unified-latex-util-scan": "^1.6.0",
        "@unified-latex/unified-latex-util-visit": "^1.6.0",
        "unified": "^10.1.2"
      }
    },
    "node_modules/@unified-latex/unified-latex-util-catcode": {
      "version": "1.6.0",
      "resolved": "https://registry.npmjs.org/@unified-latex/unified-latex-util-catcode/-/unified-latex-util-catcode-1.6.0.tgz",
      "integrity": "sha512-t+3XPbtoazCWjNQnSNjoKZPjmIb+5HGNWVBw0wMxBy9MD/oQZ2kLyOAxe4uJnQwb2giO6xkAjS3UGqe3xSm8FA==",
      "dependencies": {
        "@unified-latex/unified-latex-types": "^1.6.0",
        "@unified-latex/unified-latex-util-match": "^1.6.0",
        "@unified-latex/unified-latex-util-visit": "^1.6.0"
      }
    },
    "node_modules/@unified-latex/unified-latex-util-comments": {
      "version": "1.6.0",
      "resolved": "https://registry.npmjs.org/@unified-latex/unified-latex-util-comments/-/unified-latex-util-comments-1.6.0.tgz",
      "integrity": "sha512-CFSq0w2Jh29Tj5EnmqlGxPjGz7fCQfV0RjqjzTsbChGe+//yVW11ZNIlbOwbvBqPe/UzCQDIHw0BNhyhI36Qgg==",
      "dependencies": {
        "@unified-latex/unified-latex-types": "^1.6.0",
        "@unified-latex/unified-latex-util-match": "^1.6.0",
        "@unified-latex/unified-latex-util-replace": "^1.6.0"
      }
    },
    "node_modules/@unified-latex/unified-latex-util-environments": {
      "version": "1.6.0",
      "resolved": "https://registry.npmjs.org/@unified-latex/unified-latex-util-environments/-/unified-latex-util-environments-1.6.0.tgz",
      "integrity": "sha512-r8K3Ng4ol/X9Q5F6dmj6WQ3wn4Tfr0gexwZlGhwR2NOX5sCkeTuyfBAx3qOCWaEoMxgXdymCUJe1W7fzb7QQtg==",
      "dependencies": {
        "@unified-latex/unified-latex-types": "^1.6.0",
        "@unified-latex/unified-latex-util-arguments": "^1.6.0",
        "@unified-latex/unified-latex-util-match": "^1.6.0",
        "@unified-latex/unified-latex-util-print-raw": "^1.6.0",
        "@unified-latex/unified-latex-util-render-info": "^1.6.0",
        "@unified-latex/unified-latex-util-visit": "^1.6.0",
        "unified": "^10.1.2"
      }
    },
    "node_modules/@unified-latex/unified-latex-util-match": {
      "version": "1.6.0",
      "resolved": "https://registry.npmjs.org/@unified-latex/unified-latex-util-match/-/unified-latex-util-match-1.6.0.tgz",
      "integrity": "sha512-/ki+BKIIV6/yWZUl9bboYQ/kmdns0piauhq93OcZJhyiB6B3NA4CSAt2VWbyHPj/9F44c412F5i737Ak7XHOzA==",
      "dependencies": {
        "@unified-latex/unified-latex-types": "^1.6.0",
        "@unified-latex/unified-latex-util-print-raw": "^1.6.0"
      }
    },
    "node_modules/@unified-latex/unified-latex-util-parse": {
      "version": "1.6.0",
      "resolved": "https://registry.npmjs.org/@unified-latex/unified-latex-util-parse/-/unified-latex-util-parse-1.6.0.tgz",
      "integrity": "sha512-DVHVEx9LP6lfNjE7js9iKBNLYUhx5c1Nl0GJgYwQiCrmRVmcwkCkEx3DjGNbGGetw2vx55SnUyjrIS+GqccfUQ==",
      "dependencies": {
        "@unified-latex/unified-latex-ctan": "^1.6.0",
        "@unified-latex/unified-latex-types": "^1.6.0",
        "@unified-latex/unified-latex-util-arguments": "^1.6.0",
        "@unified-latex/unified-latex-util-catcode": "^1.6.0",
        "@unified-latex/unified-latex-util-environments": "^1.6.0",
        "@unified-latex/unified-latex-util-match": "^1.6.0",
        "@unified-latex/unified-latex-util-pegjs": "^1.6.0",
        "@unified-latex/unified-latex-util-print-raw": "^1.6.0",
        "@unified-latex/unified-latex-util-trim": "^1.6.0",
        "@unified-latex/unified-latex-util-visit": "^1.6.0",
        "unified": "^10.1.2"
      }
    },
    "node_modules/@unified-latex/unified-latex-util-pegjs": {
      "version": "1.6.0",
      "resolved": "https://registry.npmjs.org/@unified-latex/unified-latex-util-pegjs/-/unified-latex-util-pegjs-1.6.0.tgz",
      "integrity": "sha512-4wfbh/1RK9AkJOONR7qA93hABy5U2zuV2jx+h2mXNkSMShd+Yeo74dZajubs2VVZxn2f+9IOgtfhrOyj/Zzuyg==",
      "dependencies": {
        "@unified-latex/unified-latex-types": "^1.6.0",
        "@unified-latex/unified-latex-util-match": "^1.6.0"
      }
    },
    "node_modules/@unified-latex/unified-latex-util-print-raw": {
      "version": "1.6.0",
      "resolved": "https://registry.npmjs.org/@unified-latex/unified-latex-util-print-raw/-/unified-latex-util-print-raw-1.6.0.tgz",
      "integrity": "sha512-4PjMaYW+YGp6HZoT4DVJUGwSKKsEmaCpnQN9rTilqp+aDHUHntwGGYp036A3bFlCSRvPR9XIZxT0yzLnxkG1KA==",
      "dependencies": {
        "@unified-latex/unified-latex-types": "^1.6.0"
      }
    },
    "node_modules/@unified-latex/unified-latex-util-render-info": {
      "version": "1.6.0",
      "resolved": "https://registry.npmjs.org/@unified-latex/unified-latex-util-render-info/-/unified-latex-util-render-info-1.6.0.tgz",
      "integrity": "sha512-uZh0XmvM8pX0GrjdiZsWT2aEsSlyYlJT1ZrGu1h6SumICumdWdt+R80hrx7rU/V1tRQxriEq2o1DDCJNPpCHpA==",
      "dependencies": {
        "@unified-latex/unified-latex-types": "^1.6.0",
        "@unified-latex/unified-latex-util-visit": "^1.6.0"
      }
    },
    "node_modules/@unified-latex/unified-latex-util-replace": {
      "version": "1.6.0",
      "resolved": "https://registry.npmjs.org/@unified-latex/unified-latex-util-replace/-/unified-latex-util-replace-1.6.0.tgz",
      "integrity": "sha512-6U9dY7qRIvBhgkS1Lrxmh5X5d0nRNcaeVdkSWD9kr0E3pFiMWd7Yy3ulvyw7mGPOQ9mh6RNAONhhgGhWJQu51Q==",
      "dependencies": {
        "@unified-latex/unified-latex-types": "^1.6.0",
        "@unified-latex/unified-latex-util-match": "^1.6.0",
        "@unified-latex/unified-latex-util-split": "^1.6.0",
        "@unified-latex/unified-latex-util-trim": "^1.6.0",
        "@unified-latex/unified-latex-util-visit": "^1.6.0",
        "unified": "^10.1.2"
      }
    },
    "node_modules/@unified-latex/unified-latex-util-scan": {
      "version": "1.6.0",
      "resolved": "https://registry.npmjs.org/@unified-latex/unified-latex-util-scan/-/unified-latex-util-scan-1.6.0.tgz",
      "integrity": "sha512-z7JRysMY3RGZAGLd+P+xaPHN/m34zELrdQEGQgTmF1BthSlu0KrmA+8B0HGofvEHl/2eriNnXNON5OovvvHnfQ==",
      "dependencies": {
        "@unified-latex/unified-latex-types": "^1.6.0",
        "@unified-latex/unified-latex-util-match": "^1.6.0",
        "@unified-latex/unified-latex-util-print-raw": "^1.6.0",
        "trie-prefix-tree": "^1.5.1"
      }
    },
    "node_modules/@unified-latex/unified-latex-util-split": {
      "version": "1.6.0",
      "resolved": "https://registry.npmjs.org/@unified-latex/unified-latex-util-split/-/unified-latex-util-split-1.6.0.tgz",
      "integrity": "sha512-BGzoHRNIBCLhKnZ1pZMA1hTg1ihqiJudNpW0tPW8yXQt+LQ9/Njq1cBFwv/387kP1vWF8dTDJJ3RcfAxNlQBVw==",
      "dependencies": {
        "@unified-latex/unified-latex-types": "^1.6.0",
        "@unified-latex/unified-latex-util-match": "^1.6.0"
      }
    },
    "node_modules/@unified-latex/unified-latex-util-trim": {
      "version": "1.6.0",
      "resolved": "https://registry.npmjs.org/@unified-latex/unified-latex-util-trim/-/unified-latex-util-trim-1.6.0.tgz",
      "integrity": "sha512-76fqcNyrktY8jXiXMck5imGGueAt4Jlw5XvoXS7tOzCGct46lG0ouYctSjm+e6eGUKa0B4jfj5/JbQ9nbbjVYA==",
      "dependencies": {
        "@unified-latex/unified-latex-types": "^1.6.0",
        "@unified-latex/unified-latex-util-match": "^1.6.0",
        "@unified-latex/unified-latex-util-render-info": "^1.6.0",
        "@unified-latex/unified-latex-util-visit": "^1.6.0",
        "unified": "^10.1.2"
      }
    },
    "node_modules/@unified-latex/unified-latex-util-visit": {
      "version": "1.6.0",
      "resolved": "https://registry.npmjs.org/@unified-latex/unified-latex-util-visit/-/unified-latex-util-visit-1.6.0.tgz",
      "integrity": "sha512-MVgHXcxEx514AgcZRF8g9HrJM8SvPa/JQHSBr/pyFOAIyBGVDVDiVH8p6lXC8dV5ejOFs22AE1ukWc/OmLcuvw==",
      "dependencies": {
        "@unified-latex/unified-latex-types": "^1.6.0",
        "@unified-latex/unified-latex-util-match": "^1.6.0"
      }
    },
    "node_modules/bail": {
      "version": "2.0.2",
      "resolved": "https://registry.npmjs.org/bail/-/bail-2.0.2.tgz",
      "integrity": "sha512-0xO6mYd7JB2YesxDKplafRpsiOzPt9V02ddPCLbY1xYGPOX24NTyN50qnUxgCPcSoYMhKpAuBTjQoRZCAkUDRw==",
      "funding": {
        "type": "github",
        "url": "https://github.com/sponsors/wooorm"
      }
    },
    "node_modules/color": {
      "version": "4.2.3",
      "resolved": "https://registry.npmjs.org/color/-/color-4.2.3.tgz",
      "integrity": "sha512-1rXeuUUiGGrykh+CeBdu5Ie7OJwinCgQY0bc7GCRxy5xVHy+moaqkpL/jqQq0MtQOeYcrqEz4abc5f0KtU7W4A==",
      "dependencies": {
        "color-convert": "^2.0.1",
        "color-string": "^1.9.0"
      },
      "engines": {
        "node": ">=12.5.0"
      }
    },
    "node_modules/color-convert": {
      "version": "2.0.1",
      "resolved": "https://registry.npmjs.org/color-convert/-/color-convert-2.0.1.tgz",
      "integrity": "sha512-RRECPsj7iu/xb5oKYcsFHSppFNnsj/52OVTRKb4zP5onXwVF3zVmmToNcOfGC+CRDpfK/U584fMg38ZHCaElKQ==",
      "dependencies": {
        "color-name": "~1.1.4"
      },
      "engines": {
        "node": ">=7.0.0"
      }
    },
    "node_modules/color-name": {
      "version": "1.1.4",
      "resolved": "https://registry.npmjs.org/color-name/-/color-name-1.1.4.tgz",
      "integrity": "sha512-dOy+3AuW3a2wNbZHIuMZpTcgjGuLU/uBL/ubcZF9OXbDo8ff4O8yVp5Bf0efS8uEoYo5q4Fx7dY9OgQGXgAsQA=="
    },
    "node_modules/color-string": {
      "version": "1.9.1",
      "resolved": "https://registry.npmjs.org/color-string/-/color-string-1.9.1.tgz",
      "integrity": "sha512-shrVawQFojnZv6xM40anx4CkoDP+fZsw/ZerEMsW/pyzsRbElpsL/DBVW7q3ExxwusdNXI3lXpuhEZkzs8p5Eg==",
      "dependencies": {
        "color-name": "^1.0.0",
        "simple-swizzle": "^0.2.2"
      }
    },
    "node_modules/commander": {
      "version": "12.0.0",
      "resolved": "https://registry.npmjs.org/commander/-/commander-12.0.0.tgz",
      "integrity": "sha512-MwVNWlYjDTtOjX5PiD7o5pK0UrFU/OYgcJfjjK4RaHZETNtjJqrZa9Y9ds88+A+f+d5lv+561eZ+yCKoS3gbAA==",
      "engines": {
        "node": ">=18"
      }
    },
    "node_modules/extend": {
      "version": "3.0.2",
      "resolved": "https://registry.npmjs.org/extend/-/extend-3.0.2.tgz",
      "integrity": "sha512-fjquC59cD7CyW6urNXK0FBufkZcoiGG80wTuPujX590cB5Ttln20E2UB4S/WARVqhXffZl2LNgS+gQdPIIim/g=="
    },
    "node_modules/is-arrayish": {
      "version": "0.3.2",
      "resolved": "https://registry.npmjs.org/is-arrayish/-/is-arrayish-0.3.2.tgz",
      "integrity": "sha512-eVRqCvVlZbuw3GrM63ovNSNAeA1K16kaR/LRY/92w0zxQ5/1YzwblUX652i4Xs9RwAGjW9d9y6X88t8OaAJfWQ=="
    },
    "node_modules/is-buffer": {
      "version": "2.0.5",
      "resolved": "https://registry.npmjs.org/is-buffer/-/is-buffer-2.0.5.tgz",
      "integrity": "sha512-i2R6zNFDwgEHJyQUtJEk0XFi1i0dPFn/oqjK3/vPCcDeJvW5NQ83V8QbicfF1SupOaB0h8ntgBC2YiE7dfyctQ==",
      "funding": [
        {
          "type": "github",
          "url": "https://github.com/sponsors/feross"
        },
        {
          "type": "patreon",
          "url": "https://www.patreon.com/feross"
        },
        {
          "type": "consulting",
          "url": "https://feross.org/support"
        }
      ],
      "engines": {
        "node": ">=4"
      }
    },
    "node_modules/is-plain-obj": {
      "version": "4.1.0",
      "resolved": "https://registry.npmjs.org/is-plain-obj/-/is-plain-obj-4.1.0.tgz",
      "integrity": "sha512-+Pgi+vMuUNkJyExiMBt5IlFoMyKnr5zhJ4Uspz58WOhBF5QoIZkFyNHIbBAtHwzVAgk5RtndVNsDRN61/mmDqg==",
      "engines": {
        "node": ">=12"
      },
      "funding": {
        "url": "https://github.com/sponsors/sindresorhus"
      }
    },
    "node_modules/latex-utensils": {
      "version": "6.2.0",
      "resolved": "https://registry.npmjs.org/latex-utensils/-/latex-utensils-6.2.0.tgz",
      "integrity": "sha512-j91pvKhDQlmDV8sZhmX06xgEx3QYx7z8TJTynq0O/P7fwQIBo0VG05s7rh9mLJAp6NfTBWCIgwPBFfecwCWlqA==",
      "bin": {
        "luparse": "bin/luparse"
      },
      "optionalDependencies": {
        "commander": "^11.0.0",
        "pegjs-backtrace": "^0.2.1"
      }
    },
    "node_modules/latex-utensils/node_modules/commander": {
      "version": "11.1.0",
      "resolved": "https://registry.npmjs.org/commander/-/commander-11.1.0.tgz",
      "integrity": "sha512-yPVavfyCcRhmorC7rWlkHn15b4wDVgVmBA7kV4QVBsF7kv/9TKJAbAXVTxvTnwP8HHKjRCJDClKbciiYS7p0DQ==",
      "optional": true,
      "engines": {
        "node": ">=16"
      }
    },
    "node_modules/pegjs-backtrace": {
      "version": "0.2.1",
      "resolved": "https://registry.npmjs.org/pegjs-backtrace/-/pegjs-backtrace-0.2.1.tgz",
      "integrity": "sha512-rnVQiHyTE1wZG14Vl3Xk33ecrF7ZJ7ZW7jSgSlw4LdzBuhbyGVQ+oVApQ6tRi4QsII/xHgByHb6Ax68K6SPLhw==",
      "optional": true
    },
    "node_modules/simple-swizzle": {
      "version": "0.2.2",
      "resolved": "https://registry.npmjs.org/simple-swizzle/-/simple-swizzle-0.2.2.tgz",
      "integrity": "sha512-JA//kQgZtbuY83m+xT+tXJkmJncGMTFT+C+g2h2R9uxkYIrE2yy9sgmcLhCnw57/WSD+Eh3J97FPEDFnbXnDUg==",
      "dependencies": {
        "is-arrayish": "^0.3.1"
      }
    },
    "node_modules/trie-prefix-tree": {
      "version": "1.5.1",
      "resolved": "https://registry.npmjs.org/trie-prefix-tree/-/trie-prefix-tree-1.5.1.tgz",
      "integrity": "sha512-Jjvj/dA97wXnabG/NLJUgo4IQMj6vucH+Qxm7of/omfWSmZlPqdRU6Ta4GmQqCZH+n3/iYZUwfvUoEhB0Hs83Q=="
    },
    "node_modules/trough": {
      "version": "2.2.0",
      "resolved": "https://registry.npmjs.org/trough/-/trough-2.2.0.tgz",
      "integrity": "sha512-tmMpK00BjZiUyVyvrBK7knerNgmgvcV/KLVyuma/SC+TQN167GrMRciANTz09+k3zW8L8t60jWO1GpfkZdjTaw==",
      "funding": {
        "type": "github",
        "url": "https://github.com/sponsors/wooorm"
      }
    },
    "node_modules/unified": {
      "version": "10.1.2",
      "resolved": "https://registry.npmjs.org/unified/-/unified-10.1.2.tgz",
      "integrity": "sha512-pUSWAi/RAnVy1Pif2kAoeWNBa3JVrx0MId2LASj8G+7AiHWoKZNTomq6LG326T68U7/e263X6fTdcXIy7XnF7Q==",
      "dependencies": {
        "@types/unist": "^2.0.0",
        "bail": "^2.0.0",
        "extend": "^3.0.0",
        "is-buffer": "^2.0.0",
        "is-plain-obj": "^4.0.0",
        "trough": "^2.0.0",
        "vfile": "^5.0.0"
      },
      "funding": {
        "type": "opencollective",
        "url": "https://opencollective.com/unified"
      }
    },
    "node_modules/unist-util-stringify-position": {
      "version": "3.0.3",
      "resolved": "https://registry.npmjs.org/unist-util-stringify-position/-/unist-util-stringify-position-3.0.3.tgz",
      "integrity": "sha512-k5GzIBZ/QatR8N5X2y+drfpWG8IDBzdnVj6OInRNWm1oXrzydiaAT2OQiA8DPRRZyAKb9b6I2a6PxYklZD0gKg==",
      "dependencies": {
        "@types/unist": "^2.0.0"
      },
      "funding": {
        "type": "opencollective",
        "url": "https://opencollective.com/unified"
      }
    },
    "node_modules/vfile": {
      "version": "5.3.7",
      "resolved": "https://registry.npmjs.org/vfile/-/vfile-5.3.7.tgz",
      "integrity": "sha512-r7qlzkgErKjobAmyNIkkSpizsFPYiUPuJb5pNW1RB4JcYVZhs4lIbVqk8XPk033CV/1z8ss5pkax8SuhGpcG8g==",
      "dependencies": {
        "@types/unist": "^2.0.0",
        "is-buffer": "^2.0.0",
        "unist-util-stringify-position": "^3.0.0",
        "vfile-message": "^3.0.0"
      },
      "funding": {
        "type": "opencollective",
        "url": "https://opencollective.com/unified"
      }
    },
    "node_modules/vfile-message": {
      "version": "3.1.4",
      "resolved": "https://registry.npmjs.org/vfile-message/-/vfile-message-3.1.4.tgz",
      "integrity": "sha512-fa0Z6P8HUrQN4BZaX05SIVXic+7kE3b05PWAtPuYP9QLHsLKYR7/AlLW3NtOrpXRLeawpDLMsVkmk5DG0NXgWw==",
      "dependencies": {
        "@types/unist": "^2.0.0",
        "unist-util-stringify-position": "^3.0.0"
      },
      "funding": {
        "type": "opencollective",
        "url": "https://opencollective.com/unified"
      }
    }
  }
}
